
Microsoft Visual Studio Solution File, Format Version 12.00
# Visual Studio Version 16
VisualStudioVersion = 16.0.30907.101
MinimumVisualStudioVersion = 10.0.40219.1
Project("{8BC9CEB8-8B4A-11D0-8D11-00A0C91BC942}") = "randvardistribution", "randvardistribution.vcxproj", "{E2464DC2-7506-4D9E-B426-51DC3AD0285C}"
EndProject
Global
	GlobalSection(SolutionConfigurationPlatforms) = preSolution
		Debug|x64 = Debug|x64
		Debug|x86 = Debug|x86
		Release|x64 = Release|x64
		Release|x86 = Release|x86
	EndGlobalSection
	GlobalSection(ProjectConfigurationPlatforms) = postSolution
		{E2464DC2-7506-4D9E-B426-51DC3AD0285C}.Debug|x64.ActiveCfg = Debug|x64
		{E2464DC2-7506-4D9E-B426-51DC3AD0285C}.Debug|x64.Build.0 = Debug|x64
		{E2464DC2-7506-4D9E-B426-51DC3AD0285C}.Debug|x86.ActiveCfg = Debug|Win32
		{E2464DC2-7506-4D9E-B426-51DC3AD0285C}.Debug|x86.Build.0 = Debug|Win32
		{E2464DC2-7506-4D9E-B426-51DC3AD0285C}.Release|x64.ActiveCfg = Release|x64
		{E2464DC2-7506-4D9E-B426-51DC3AD0285C}.Release|x64.Build.0 = Release|x64
		{E2464DC2-7506-4D9E-B426-51DC3AD0285C}.Release|x86.ActiveCfg = Release|Win32
		{E2464DC2-7506-4D9E-B426-51DC3AD0285C}.Release|x86.Build.0 = Release|Win32
	EndGlobalSection
	GlobalSection(SolutionProperties) = preSolution
		HideSolutionNode = FALSE
	EndGlobalSection
	GlobalSection(ExtensibilityGlobals) = postSolution
		SolutionGuid = {4E746675-1E5A-482D-95F2-F79BB9612BAB}
	EndGlobalSection
EndGlobal
